// !$*UTF8*$!
{
	archiveVersion = 1;
	classes = {
	};
	objectVersion = 48;
	objects = {

/* Begin PBXBuildFile section */
		BB190D121FAB80E800BDC6D0 /* main.cpp in Sources */ = {isa = PBXBuildFile; fileRef = BB190D111FAB80E800BDC6D0 /* main.cpp */; };
/* End PBXBuildFile section */

/* Begin PBXCopyFilesBuildPhase section */
		BB190D0C1FAB80E800BDC6D0 /* CopyFiles */ = {
			isa = PBXCopyFilesBuildPhase;
			buildActionMask = 2147483647;
			dstPath = /usr/share/man/man1/;
			dstSubfolderSpec = 0;
			files = (
			);
			runOnlyForDeploymentPostprocessing = 1;
		};
/* End PBXCopyFilesBuildPhase section */

/* Begin PBXFileReference section */
		BB10DF281FB10C3B00BCCEDF /* HashMapUtil.h */ = {isa = PBXFileReference; lastKnownFileType = sourcecode.c.h; path = HashMapUtil.h; sourceTree = "<group>"; };
		BB10DF291FB10C3B00BCCEDF /* HashMap.h */ = {isa = PBXFileReference; lastKnownFileType = sourcecode.c.h; path = HashMap.h; sourceTree = "<group>"; };
		BB10DF2A1FB10C3B00BCCEDF /* HashMapTest.h */ = {isa = PBXFileReference; lastKnownFileType = sourcecode.c.h; path = HashMapTest.h; sourceTree = "<group>"; };
		BB10DF2C1FB10C3B00BCCEDF /* VectorUtil.h */ = {isa = PBXFileReference; lastKnownFileType = sourcecode.c.h; path = VectorUtil.h; sourceTree = "<group>"; };
		BB10DF2D1FB10C3B00BCCEDF /* Vector.h */ = {isa = PBXFileReference; lastKnownFileType = sourcecode.c.h; path = Vector.h; sourceTree = "<group>"; };
		BB10DF2E1FB10C3B00BCCEDF /* VectorTest.h */ = {isa = PBXFileReference; lastKnownFileType = sourcecode.c.h; path = VectorTest.h; sourceTree = "<group>"; };
		BB190D0E1FAB80E800BDC6D0 /* TestHarness */ = {isa = PBXFileReference; explicitFileType = "compiled.mach-o.executable"; includeInIndex = 0; path = TestHarness; sourceTree = BUILT_PRODUCTS_DIR; };
		BB190D111FAB80E800BDC6D0 /* main.cpp */ = {isa = PBXFileReference; lastKnownFileType = sourcecode.cpp.cpp; path = main.cpp; sourceTree = "<group>"; };
		BB3BAF681FB4BA9900F5F8B0 /* MemoryTest.h */ = {isa = PBXFileReference; lastKnownFileType = sourcecode.c.h; path = MemoryTest.h; sourceTree = "<group>"; };
		BB5C16941FACBF8500025D18 /* BitwiseOperatorTest.h */ = {isa = PBXFileReference; lastKnownFileType = sourcecode.c.h; path = BitwiseOperatorTest.h; sourceTree = "<group>"; };
		BBA47DFD1FB0CBF200D94351 /* SinTableTest.h */ = {isa = PBXFileReference; lastKnownFileType = sourcecode.c.h; path = SinTableTest.h; sourceTree = "<group>"; };
		BBA47E001FB0D28B00D94351 /* UniquenessTest.h */ = {isa = PBXFileReference; lastKnownFileType = sourcecode.c.h; path = UniquenessTest.h; sourceTree = "<group>"; };
		BBAA11371FB90CC800936553 /* Pool.h */ = {isa = PBXFileReference; lastKnownFileType = sourcecode.c.h; path = Pool.h; sourceTree = "<group>"; };
		BBAA11381FB90D3200936553 /* PoolTest.h */ = {isa = PBXFileReference; lastKnownFileType = sourcecode.c.h; path = PoolTest.h; sourceTree = "<group>"; };
/* End PBXFileReference section */

/* Begin PBXFrameworksBuildPhase section */
		BB190D0B1FAB80E800BDC6D0 /* Frameworks */ = {
			isa = PBXFrameworksBuildPhase;
			buildActionMask = 2147483647;
			files = (
			);
			runOnlyForDeploymentPostprocessing = 0;
		};
/* End PBXFrameworksBuildPhase section */

/* Begin PBXGroup section */
		BB10DF271FB10C3B00BCCEDF /* hash_map */ = {
			isa = PBXGroup;
			children = (
				BB10DF291FB10C3B00BCCEDF /* HashMap.h */,
				BB10DF2A1FB10C3B00BCCEDF /* HashMapTest.h */,
				BB10DF281FB10C3B00BCCEDF /* HashMapUtil.h */,
			);
			path = hash_map;
			sourceTree = "<group>";
		};
		BB10DF2B1FB10C3B00BCCEDF /* vector */ = {
			isa = PBXGroup;
			children = (
				BB10DF2D1FB10C3B00BCCEDF /* Vector.h */,
				BB10DF2E1FB10C3B00BCCEDF /* VectorTest.h */,
				BB10DF2C1FB10C3B00BCCEDF /* VectorUtil.h */,
			);
			path = vector;
			sourceTree = "<group>";
		};
		BB190D051FAB80E800BDC6D0 = {
			isa = PBXGroup;
			children = (
				BB190D101FAB80E800BDC6D0 /* TestHarness */,
				BB190D0F1FAB80E800BDC6D0 /* Products */,
			);
			sourceTree = "<group>";
		};
		BB190D0F1FAB80E800BDC6D0 /* Products */ = {
			isa = PBXGroup;
			children = (
				BB190D0E1FAB80E800BDC6D0 /* TestHarness */,
			);
			name = Products;
			sourceTree = "<group>";
		};
		BB190D101FAB80E800BDC6D0 /* TestHarness */ = {
			isa = PBXGroup;
			children = (
				BB10DF271FB10C3B00BCCEDF /* hash_map */,
				BB190D111FAB80E800BDC6D0 /* main.cpp */,
				BB3BAF671FB4BA8E00F5F8B0 /* memory */,
				BB5C16931FACBF6C00025D18 /* operator */,
				BBAA11361FB90CB500936553 /* pool */,
				BBA47DFC1FB0CBE600D94351 /* sin_table */,
				BBA47DFF1FB0D27E00D94351 /* uniqueness */,
				BB10DF2B1FB10C3B00BCCEDF /* vector */,
			);
			path = TestHarness;
			sourceTree = "<group>";
		};
		BB3BAF671FB4BA8E00F5F8B0 /* memory */ = {
			isa = PBXGroup;
			children = (
				BB3BAF681FB4BA9900F5F8B0 /* MemoryTest.h */,
			);
			path = memory;
			sourceTree = "<group>";
		};
		BB5C16931FACBF6C00025D18 /* operator */ = {
			isa = PBXGroup;
			children = (
				BB5C16941FACBF8500025D18 /* BitwiseOperatorTest.h */,
			);
			path = operator;
			sourceTree = "<group>";
		};
		BBA47DFC1FB0CBE600D94351 /* sin_table */ = {
			isa = PBXGroup;
			children = (
				BBA47DFD1FB0CBF200D94351 /* SinTableTest.h */,
			);
			path = sin_table;
			sourceTree = "<group>";
		};
		BBA47DFF1FB0D27E00D94351 /* uniqueness */ = {
			isa = PBXGroup;
			children = (
				BBA47E001FB0D28B00D94351 /* UniquenessTest.h */,
			);
			path = uniqueness;
			sourceTree = "<group>";
		};
		BBAA11361FB90CB500936553 /* pool */ = {
			isa = PBXGroup;
			children = (
				BBAA11371FB90CC800936553 /* Pool.h */,
				BBAA11381FB90D3200936553 /* PoolTest.h */,
			);
			path = pool;
			sourceTree = "<group>";
		};
/* End PBXGroup section */

/* Begin PBXNativeTarget section */
		BB190D0D1FAB80E800BDC6D0 /* TestHarness */ = {
			isa = PBXNativeTarget;
			buildConfigurationList = BB190D151FAB80E800BDC6D0 /* Build configuration list for PBXNativeTarget "TestHarness" */;
			buildPhases = (
				BB190D0A1FAB80E800BDC6D0 /* Sources */,
				BB190D0B1FAB80E800BDC6D0 /* Frameworks */,
				BB190D0C1FAB80E800BDC6D0 /* CopyFiles */,
			);
			buildRules = (
			);
			dependencies = (
			);
			name = TestHarness;
			productName = TestHarness;
			productReference = BB190D0E1FAB80E800BDC6D0 /* TestHarness */;
			productType = "com.apple.product-type.tool";
		};
/* End PBXNativeTarget section */

/* Begin PBXProject section */
		BB190D061FAB80E800BDC6D0 /* Project object */ = {
			isa = PBXProject;
			attributes = {
				LastUpgradeCheck = 0900;
				ORGANIZATIONNAME = "Noctis Games";
				TargetAttributes = {
					BB190D0D1FAB80E800BDC6D0 = {
						CreatedOnToolsVersion = 9.0.1;
						ProvisioningStyle = Automatic;
					};
				};
			};
			buildConfigurationList = BB190D091FAB80E800BDC6D0 /* Build configuration list for PBXProject "TestHarness" */;
			compatibilityVersion = "Xcode 8.0";
			developmentRegion = en;
			hasScannedForEncodings = 0;
			knownRegions = (
				en,
			);
			mainGroup = BB190D051FAB80E800BDC6D0;
			productRefGroup = BB190D0F1FAB80E800BDC6D0 /* Products */;
			projectDirPath = "";
			projectRoot = "";
			targets = (
				BB190D0D1FAB80E800BDC6D0 /* TestHarness */,
			);
		};
/* End PBXProject section */

/* Begin PBXSourcesBuildPhase section */
		BB190D0A1FAB80E800BDC6D0 /* Sources */ = {
			isa = PBXSourcesBuildPhase;
			buildActionMask = 2147483647;
			files = (
				BB190D121FAB80E800BDC6D0 /* main.cpp in Sources */,
			);
			runOnlyForDeploymentPostprocessing = 0;
		};
/* End PBXSourcesBuildPhase section */

/* Begin XCBuildConfiguration section */
		BB190D131FAB80E800BDC6D0 /* Debug */ = {
			isa = XCBuildConfiguration;
			buildSettings = {
				ALWAYS_SEARCH_USER_PATHS = NO;
				CLANG_ANALYZER_NONNULL = YES;
				CLANG_ANALYZER_NUMBER_OBJECT_CONVERSION = YES_AGGRESSIVE;
				CLANG_CXX_LANGUAGE_STANDARD = "gnu++14";
				CLANG_CXX_LIBRARY = "libc++";
				CLANG_ENABLE_MODULES = YES;
				CLANG_ENABLE_OBJC_ARC = YES;
				CLANG_WARN_BLOCK_CAPTURE_AUTORELEASING = YES;
				CLANG_WARN_BOOL_CONVERSION = YES;
				CLANG_WARN_COMMA = YES;
				CLANG_WARN_CONSTANT_CONVERSION = YES;
				CLANG_WARN_DIRECT_OBJC_ISA_USAGE = YES_ERROR;
				CLANG_WARN_DOCUMENTATION_COMMENTS = YES;
				CLANG_WARN_EMPTY_BODY = YES;
				CLANG_WARN_ENUM_CONVERSION = YES;
				CLANG_WARN_INFINITE_RECURSION = YES;
				CLANG_WARN_INT_CONVERSION = YES;
				CLANG_WARN_NON_LITERAL_NULL_CONVERSION = YES;
				CLANG_WARN_OBJC_LITERAL_CONVERSION = YES;
				CLANG_WARN_OBJC_ROOT_CLASS = YES_ERROR;
				CLANG_WARN_RANGE_LOOP_ANALYSIS = YES;
				CLANG_WARN_STRICT_PROTOTYPES = YES;
				CLANG_WARN_SUSPICIOUS_MOVE = YES;
				CLANG_WARN_UNGUARDED_AVAILABILITY = YES_AGGRESSIVE;
				CLANG_WARN_UNREACHABLE_CODE = YES;
				CLANG_WARN__DUPLICATE_METHOD_MATCH = YES;
				CODE_SIGN_IDENTITY = "Mac Developer";
				COPY_PHASE_STRIP = NO;
				DEBUG_INFORMATION_FORMAT = dwarf;
				ENABLE_STRICT_OBJC_MSGSEND = YES;
				ENABLE_TESTABILITY = YES;
				GCC_C_LANGUAGE_STANDARD = gnu11;
				GCC_DYNAMIC_NO_PIC = NO;
				GCC_NO_COMMON_BLOCKS = YES;
				GCC_OPTIMIZATION_LEVEL = 0;
				GCC_PREPROCESSOR_DEFINITIONS = (
					"DEBUG=1",
					"$(inherited)",
				);
				GCC_WARN_64_TO_32_BIT_CONVERSION = YES;
				GCC_WARN_ABOUT_RETURN_TYPE = YES_ERROR;
				GCC_WARN_UNDECLARED_SELECTOR = YES;
				GCC_WARN_UNINITIALIZED_AUTOS = YES_AGGRESSIVE;
				GCC_WARN_UNUSED_FUNCTION = YES;
				GCC_WARN_UNUSED_VARIABLE = YES;
				MACOSX_DEPLOYMENT_TARGET = 10.12;
				MTL_ENABLE_DEBUG_INFO = YES;
				ONLY_ACTIVE_ARCH = YES;
				SDKROOT = macosx;
			};
			name = Debug;
		};
		BB190D141FAB80E800BDC6D0 /* Release */ = {
			isa = XCBuildConfiguration;
			buildSettings = {
				ALWAYS_SEARCH_USER_PATHS = NO;
				CLANG_ANALYZER_NONNULL = YES;
				CLANG_ANALYZER_NUMBER_OBJECT_CONVERSION = YES_AGGRESSIVE;
				CLANG_CXX_LANGUAGE_STANDARD = "gnu++14";
				CLANG_CXX_LIBRARY = "libc++";
				CLANG_ENABLE_MODULES = YES;
				CLANG_ENABLE_OBJC_ARC = YES;
				CLANG_WARN_BLOCK_CAPTURE_AUTORELEASING = YES;
				CLANG_WARN_BOOL_CONVERSION = YES;
				CLANG_WARN_COMMA = YES;
				CLANG_WARN_CONSTANT_CONVERSION = YES;
				CLANG_WARN_DIRECT_OBJC_ISA_USAGE = YES_ERROR;
				CLANG_WARN_DOCUMENTATION_COMMENTS = YES;
				CLANG_WARN_EMPTY_BODY = YES;
				CLANG_WARN_ENUM_CONVERSION = YES;
				CLANG_WARN_INFINITE_RECURSION = YES;
				CLANG_WARN_INT_CONVERSION = YES;
				CLANG_WARN_NON_LITERAL_NULL_CONVERSION = YES;
				CLANG_WARN_OBJC_LITERAL_CONVERSION = YES;
				CLANG_WARN_OBJC_ROOT_CLASS = YES_ERROR;
				CLANG_WARN_RANGE_LOOP_ANALYSIS = YES;
				CLANG_WARN_STRICT_PROTOTYPES = YES;
				CLANG_WARN_SUSPICIOUS_MOVE = YES;
				CLANG_WARN_UNGUARDED_AVAILABILITY = YES_AGGRESSIVE;
				CLANG_WARN_UNREACHABLE_CODE = YES;
				CLANG_WARN__DUPLICATE_METHOD_MATCH = YES;
				CODE_SIGN_IDENTITY = "Mac Developer";
				COPY_PHASE_STRIP = NO;
				DEBUG_INFORMATION_FORMAT = "dwarf-with-dsym";
				ENABLE_NS_ASSERTIONS = NO;
				ENABLE_STRICT_OBJC_MSGSEND = YES;
				GCC_C_LANGUAGE_STANDARD = gnu11;
				GCC_NO_COMMON_BLOCKS = YES;
				GCC_WARN_64_TO_32_BIT_CONVERSION = YES;
				GCC_WARN_ABOUT_RETURN_TYPE = YES_ERROR;
				GCC_WARN_UNDECLARED_SELECTOR = YES;
				GCC_WARN_UNINITIALIZED_AUTOS = YES_AGGRESSIVE;
				GCC_WARN_UNUSED_FUNCTION = YES;
				GCC_WARN_UNUSED_VARIABLE = YES;
				MACOSX_DEPLOYMENT_TARGET = 10.12;
				MTL_ENABLE_DEBUG_INFO = NO;
				SDKROOT = macosx;
			};
			name = Release;
		};
		BB190D161FAB80E800BDC6D0 /* Debug */ = {
			isa = XCBuildConfiguration;
			buildSettings = {
				CLANG_CXX_LANGUAGE_STANDARD = "c++98";
				CLANG_CXX_LIBRARY = "libstdc++";
				CODE_SIGN_STYLE = Automatic;
				DEVELOPMENT_TEAM = 7V5EV5R3XG;
				GCC_C_LANGUAGE_STANDARD = c99;
				GCC_ENABLE_CPP_EXCEPTIONS = NO;
				GCC_ENABLE_CPP_RTTI = NO;
				HEADER_SEARCH_PATHS = "\"$(SRCROOT)/TestHarness\"";
				PRODUCT_NAME = "$(TARGET_NAME)";
			};
			name = Debug;
		};
		BB190D171FAB80E800BDC6D0 /* Release */ = {
			isa = XCBuildConfiguration;
			buildSettings = {
				CLANG_CXX_LANGUAGE_STANDARD = "c++98";
				CLANG_CXX_LIBRARY = "libstdc++";
				CODE_SIGN_STYLE = Automatic;
				DEVELOPMENT_TEAM = 7V5EV5R3XG;
				GCC_C_LANGUAGE_STANDARD = c99;
				GCC_ENABLE_CPP_EXCEPTIONS = NO;
				GCC_ENABLE_CPP_RTTI = NO;
				HEADER_SEARCH_PATHS = "\"$(SRCROOT)/TestHarness\"";
				PRODUCT_NAME = "$(TARGET_NAME)";
			};
			name = Release;
		};
/* End XCBuildConfiguration section */

/* Begin XCConfigurationList section */
		BB190D091FAB80E800BDC6D0 /* Build configuration list for PBXProject "TestHarness" */ = {
			isa = XCConfigurationList;
			buildConfigurations = (
				BB190D131FAB80E800BDC6D0 /* Debug */,
				BB190D141FAB80E800BDC6D0 /* Release */,
			);
			defaultConfigurationIsVisible = 0;
			defaultConfigurationName = Release;
		};
		BB190D151FAB80E800BDC6D0 /* Build configuration list for PBXNativeTarget "TestHarness" */ = {
			isa = XCConfigurationList;
			buildConfigurations = (
				BB190D161FAB80E800BDC6D0 /* Debug */,
				BB190D171FAB80E800BDC6D0 /* Release */,
			);
			defaultConfigurationIsVisible = 0;
			defaultConfigurationName = Release;
		};
/* End XCConfigurationList section */
	};
	rootObject = BB190D061FAB80E800BDC6D0 /* Project object */;
}
